
Microsoft Visual Studio Solution File, Format Version 12.00
# Visual Studio Version 16
VisualStudioVersion = 16.0.30523.141
MinimumVisualStudioVersion = 10.0.40219.1
Project("{FAE04EC0-301F-11D3-BF4B-00C04F79EFBC}") = "DILifeTimeSample", "DILifeTimeSample\DILifeTimeSample.csproj", "{2BB5A60D-61E4-4044-B7C2-DCBB14F0CD8F}"
EndProject
Global
	GlobalSection(SolutionConfigurationPlatforms) = preSolution
		Debug|Any CPU = Debug|Any CPU
		Release|Any CPU = Release|Any CPU
	EndGlobalSection
	GlobalSection(ProjectConfigurationPlatforms) = postSolution
		{2BB5A60D-61E4-4044-B7C2-DCBB14F0CD8F}.Debug|Any CPU.ActiveCfg = Debug|Any CPU
		{2BB5A60D-61E4-4044-B7C2-DCBB14F0CD8F}.Debug|Any CPU.Build.0 = Debug|Any CPU
		{2BB5A60D-61E4-4044-B7C2-DCBB14F0CD8F}.Release|Any CPU.ActiveCfg = Release|Any CPU
		{2BB5A60D-61E4-4044-B7C2-DCBB14F0CD8F}.Release|Any CPU.Build.0 = Release|Any CPU
	EndGlobalSection
	GlobalSection(SolutionProperties) = preSolution
		HideSolutionNode = FALSE
	EndGlobalSection
	GlobalSection(ExtensibilityGlobals) = postSolution
		SolutionGuid = {04DF76BB-81C7-4635-A723-0E39B331C665}
	EndGlobalSection
EndGlobal
